
Microsoft Visual Studio Solution File, Format Version 12.00
# Visual Studio Version 17
VisualStudioVersion = 17.4.33122.133
MinimumVisualStudioVersion = 10.0.40219.1
Project("{FAE04EC0-301F-11D3-BF4B-00C04F79EFBC}") = "MyAPINetCore6", "MyAPINetCore6\MyAPINetCore6.csproj", "{11FA3BA7-6F69-4C64-9BF8-7A609AFA3598}"
EndProject
Global
	GlobalSection(SolutionConfigurationPlatforms) = preSolution
		Debug|Any CPU = Debug|Any CPU
		Release|Any CPU = Release|Any CPU
	EndGlobalSection
	GlobalSection(ProjectConfigurationPlatforms) = postSolution
		{11FA3BA7-6F69-4C64-9BF8-7A609AFA3598}.Debug|Any CPU.ActiveCfg = Debug|Any CPU
		{11FA3BA7-6F69-4C64-9BF8-7A609AFA3598}.Debug|Any CPU.Build.0 = Debug|Any CPU
		{11FA3BA7-6F69-4C64-9BF8-7A609AFA3598}.Release|Any CPU.ActiveCfg = Release|Any CPU
		{11FA3BA7-6F69-4C64-9BF8-7A609AFA3598}.Release|Any CPU.Build.0 = Release|Any CPU
	EndGlobalSection
	GlobalSection(SolutionProperties) = preSolution
		HideSolutionNode = FALSE
	EndGlobalSection
	GlobalSection(ExtensibilityGlobals) = postSolution
		SolutionGuid = {424A658F-0CEC-4702-8599-A5E6AF011905}
	EndGlobalSection
EndGlobal
